// !$*UTF8*$!
{
	archiveVersion = 1;
	classes = {
	};
	objectVersion = 48;
	objects = {

/* Begin PBXBuildFile section */
		8E1C862520C6EA3700124024 /* AppDelegate.swift in Sources */ = {isa = PBXBuildFile; fileRef = 8E1C862420C6EA3700124024 /* AppDelegate.swift */; };
		8E1C862720C6EA3700124024 /* ViewController.swift in Sources */ = {isa = PBXBuildFile; fileRef = 8E1C862620C6EA3700124024 /* ViewController.swift */; };
		8E1C862A20C6EA3700124024 /* Main.storyboard in Resources */ = {isa = PBXBuildFile; fileRef = 8E1C862820C6EA3700124024 /* Main.storyboard */; };
		8E1C862C20C6EA3700124024 /* Assets.xcassets in Resources */ = {isa = PBXBuildFile; fileRef = 8E1C862B20C6EA3700124024 /* Assets.xcassets */; };
		8E1C862F20C6EA3700124024 /* LaunchScreen.storyboard in Resources */ = {isa = PBXBuildFile; fileRef = 8E1C862D20C6EA3700124024 /* LaunchScreen.storyboard */; };
		8E1C863A20C6EA3700124024 /* swiftrunnerTests.swift in Sources */ = {isa = PBXBuildFile; fileRef = 8E1C863920C6EA3700124024 /* swiftrunnerTests.swift */; };
		8E1C864520C6EA3700124024 /* swiftrunnerUITests.swift in Sources */ = {isa = PBXBuildFile; fileRef = 8E1C864420C6EA3700124024 /* swiftrunnerUITests.swift */; };
/* End PBXBuildFile section */

/* Begin PBXContainerItemProxy section */
		8E1C863620C6EA3700124024 /* PBXContainerItemProxy */ = {
			isa = PBXContainerItemProxy;
			containerPortal = 8E1C861920C6EA3700124024 /* Project object */;
			proxyType = 1;
			remoteGlobalIDString = 8E1C862020C6EA3700124024;
			remoteInfo = swiftrunner;
		};
		8E1C864120C6EA3700124024 /* PBXContainerItemProxy */ = {
			isa = PBXContainerItemProxy;
			containerPortal = 8E1C861920C6EA3700124024 /* Project object */;
			proxyType = 1;
			remoteGlobalIDString = 8E1C862020C6EA3700124024;
			remoteInfo = swiftrunner;
		};
/* End PBXContainerItemProxy section */

/* Begin PBXFileReference section */
		8E1C862120C6EA3700124024 /* swiftrunner.app */ = {isa = PBXFileReference; explicitFileType = wrapper.application; includeInIndex = 0; path = swiftrunner.app; sourceTree = BUILT_PRODUCTS_DIR; };
		8E1C862420C6EA3700124024 /* AppDelegate.swift */ = {isa = PBXFileReference; lastKnownFileType = sourcecode.swift; path = AppDelegate.swift; sourceTree = "<group>"; };
		8E1C862620C6EA3700124024 /* ViewController.swift */ = {isa = PBXFileReference; lastKnownFileType = sourcecode.swift; path = ViewController.swift; sourceTree = "<group>"; };
		8E1C862920C6EA3700124024 /* Base */ = {isa = PBXFileReference; lastKnownFileType = file.storyboard; name = Base; path = Base.lproj/Main.storyboard; sourceTree = "<group>"; };
		8E1C862B20C6EA3700124024 /* Assets.xcassets */ = {isa = PBXFileReference; lastKnownFileType = folder.assetcatalog; path = Assets.xcassets; sourceTree = "<group>"; };
		8E1C862E20C6EA3700124024 /* Base */ = {isa = PBXFileReference; lastKnownFileType = file.storyboard; name = Base; path = Base.lproj/LaunchScreen.storyboard; sourceTree = "<group>"; };
		8E1C863020C6EA3700124024 /* Info.plist */ = {isa = PBXFileReference; lastKnownFileType = text.plist.xml; path = Info.plist; sourceTree = "<group>"; };
		8E1C863520C6EA3700124024 /* swiftrunnerTests.xctest */ = {isa = PBXFileReference; explicitFileType = wrapper.cfbundle; includeInIndex = 0; path = swiftrunnerTests.xctest; sourceTree = BUILT_PRODUCTS_DIR; };
		8E1C863920C6EA3700124024 /* swiftrunnerTests.swift */ = {isa = PBXFileReference; lastKnownFileType = sourcecode.swift; path = swiftrunnerTests.swift; sourceTree = "<group>"; };
		8E1C863B20C6EA3700124024 /* Info.plist */ = {isa = PBXFileReference; lastKnownFileType = text.plist.xml; path = Info.plist; sourceTree = "<group>"; };
		8E1C864020C6EA3700124024 /* swiftrunnerUITests.xctest */ = {isa = PBXFileReference; explicitFileType = wrapper.cfbundle; includeInIndex = 0; path = swiftrunnerUITests.xctest; sourceTree = BUILT_PRODUCTS_DIR; };
		8E1C864420C6EA3700124024 /* swiftrunnerUITests.swift */ = {isa = PBXFileReference; lastKnownFileType = sourcecode.swift; path = swiftrunnerUITests.swift; sourceTree = "<group>"; };
		8E1C864620C6EA3700124024 /* Info.plist */ = {isa = PBXFileReference; lastKnownFileType = text.plist.xml; path = Info.plist; sourceTree = "<group>"; };
/* End PBXFileReference section */

/* Begin PBXFrameworksBuildPhase section */
		8E1C861E20C6EA3700124024 /* Frameworks */ = {
			isa = PBXFrameworksBuildPhase;
			buildActionMask = 2147483647;
			files = (
			);
			runOnlyForDeploymentPostprocessing = 0;
		};
		8E1C863220C6EA3700124024 /* Frameworks */ = {
			isa = PBXFrameworksBuildPhase;
			buildActionMask = 2147483647;
			files = (
			);
			runOnlyForDeploymentPostprocessing = 0;
		};
		8E1C863D20C6EA3700124024 /* Frameworks */ = {
			isa = PBXFrameworksBuildPhase;
			buildActionMask = 2147483647;
			files = (
			);
			runOnlyForDeploymentPostprocessing = 0;
		};
/* End PBXFrameworksBuildPhase section */

/* Begin PBXGroup section */
		8E1C861820C6EA3700124024 = {
			isa = PBXGroup;
			children = (
				8E1C862320C6EA3700124024 /* swiftrunner */,
				8E1C863820C6EA3700124024 /* swiftrunnerTests */,
				8E1C864320C6EA3700124024 /* swiftrunnerUITests */,
				8E1C862220C6EA3700124024 /* Products */,
			);
			sourceTree = "<group>";
		};
		8E1C862220C6EA3700124024 /* Products */ = {
			isa = PBXGroup;
			children = (
				8E1C862120C6EA3700124024 /* swiftrunner.app */,
				8E1C863520C6EA3700124024 /* swiftrunnerTests.xctest */,
				8E1C864020C6EA3700124024 /* swiftrunnerUITests.xctest */,
			);
			name = Products;
			sourceTree = "<group>";
		};
		8E1C862320C6EA3700124024 /* swiftrunner */ = {
			isa = PBXGroup;
			children = (
				8E1C862420C6EA3700124024 /* AppDelegate.swift */,
				8E1C862620C6EA3700124024 /* ViewController.swift */,
				8E1C862820C6EA3700124024 /* Main.storyboard */,
				8E1C862B20C6EA3700124024 /* Assets.xcassets */,
				8E1C862D20C6EA3700124024 /* LaunchScreen.storyboard */,
				8E1C863020C6EA3700124024 /* Info.plist */,
			);
			path = swiftrunner;
			sourceTree = "<group>";
		};
		8E1C863820C6EA3700124024 /* swiftrunnerTests */ = {
			isa = PBXGroup;
			children = (
				8E1C863920C6EA3700124024 /* swiftrunnerTests.swift */,
				8E1C863B20C6EA3700124024 /* Info.plist */,
			);
			path = swiftrunnerTests;
			sourceTree = "<group>";
		};
		8E1C864320C6EA3700124024 /* swiftrunnerUITests */ = {
			isa = PBXGroup;
			children = (
				8E1C864420C6EA3700124024 /* swiftrunnerUITests.swift */,
				8E1C864620C6EA3700124024 /* Info.plist */,
			);
			path = swiftrunnerUITests;
			sourceTree = "<group>";
		};
/* End PBXGroup section */

/* Begin PBXNativeTarget section */
		8E1C862020C6EA3700124024 /* swiftrunner */ = {
			isa = PBXNativeTarget;
			buildConfigurationList = 8E1C864920C6EA3700124024 /* Build configuration list for PBXNativeTarget "swiftrunner" */;
			buildPhases = (
				8E1C861D20C6EA3700124024 /* Sources */,
				8E1C861E20C6EA3700124024 /* Frameworks */,
				8E1C861F20C6EA3700124024 /* Resources */,
			);
			buildRules = (
			);
			dependencies = (
			);
			name = swiftrunner;
			productName = swiftrunner;
			productReference = 8E1C862120C6EA3700124024 /* swiftrunner.app */;
			productType = "com.apple.product-type.application";
		};
		8E1C863420C6EA3700124024 /* swiftrunnerTests */ = {
			isa = PBXNativeTarget;
			buildConfigurationList = 8E1C864C20C6EA3700124024 /* Build configuration list for PBXNativeTarget "swiftrunnerTests" */;
			buildPhases = (
				8E1C863120C6EA3700124024 /* Sources */,
				8E1C863220C6EA3700124024 /* Frameworks */,
				8E1C863320C6EA3700124024 /* Resources */,
			);
			buildRules = (
			);
			dependencies = (
				8E1C863720C6EA3700124024 /* PBXTargetDependency */,
			);
			name = swiftrunnerTests;
			productName = swiftrunnerTests;
			productReference = 8E1C863520C6EA3700124024 /* swiftrunnerTests.xctest */;
			productType = "com.apple.product-type.bundle.unit-test";
		};
		8E1C863F20C6EA3700124024 /* swiftrunnerUITests */ = {
			isa = PBXNativeTarget;
			buildConfigurationList = 8E1C864F20C6EA3700124024 /* Build configuration list for PBXNativeTarget "swiftrunnerUITests" */;
			buildPhases = (
				8E1C863C20C6EA3700124024 /* Sources */,
				8E1C863D20C6EA3700124024 /* Frameworks */,
				8E1C863E20C6EA3700124024 /* Resources */,
			);
			buildRules = (
			);
			dependencies = (
				8E1C864220C6EA3700124024 /* PBXTargetDependency */,
			);
			name = swiftrunnerUITests;
			productName = swiftrunnerUITests;
			productReference = 8E1C864020C6EA3700124024 /* swiftrunnerUITests.xctest */;
			productType = "com.apple.product-type.bundle.ui-testing";
		};
/* End PBXNativeTarget section */

/* Begin PBXProject section */
		8E1C861920C6EA3700124024 /* Project object */ = {
			isa = PBXProject;
			attributes = {
				LastSwiftUpdateCheck = 0920;
				LastUpgradeCheck = 0920;
				ORGANIZATIONNAME = "Naoya Taniguchi";
				TargetAttributes = {
					8E1C862020C6EA3700124024 = {
						CreatedOnToolsVersion = 9.2;
						ProvisioningStyle = Automatic;
					};
					8E1C863420C6EA3700124024 = {
						CreatedOnToolsVersion = 9.2;
						ProvisioningStyle = Automatic;
						TestTargetID = 8E1C862020C6EA3700124024;
					};
					8E1C863F20C6EA3700124024 = {
						CreatedOnToolsVersion = 9.2;
						ProvisioningStyle = Automatic;
						TestTargetID = 8E1C862020C6EA3700124024;
					};
				};
			};
			buildConfigurationList = 8E1C861C20C6EA3700124024 /* Build configuration list for PBXProject "swiftrunner" */;
			compatibilityVersion = "Xcode 8.0";
			developmentRegion = en;
			hasScannedForEncodings = 0;
			knownRegions = (
				en,
				Base,
			);
			mainGroup = 8E1C861820C6EA3700124024;
			productRefGroup = 8E1C862220C6EA3700124024 /* Products */;
			projectDirPath = "";
			projectRoot = "";
			targets = (
				8E1C862020C6EA3700124024 /* swiftrunner */,
				8E1C863420C6EA3700124024 /* swiftrunnerTests */,
				8E1C863F20C6EA3700124024 /* swiftrunnerUITests */,
			);
		};
/* End PBXProject section */

/* Begin PBXResourcesBuildPhase section */
		8E1C861F20C6EA3700124024 /* Resources */ = {
			isa = PBXResourcesBuildPhase;
			buildActionMask = 2147483647;
			files = (
				8E1C862F20C6EA3700124024 /* LaunchScreen.storyboard in Resources */,
				8E1C862C20C6EA3700124024 /* Assets.xcassets in Resources */,
				8E1C862A20C6EA3700124024 /* Main.storyboard in Resources */,
			);
			runOnlyForDeploymentPostprocessing = 0;
		};
		8E1C863320C6EA3700124024 /* Resources */ = {
			isa = PBXResourcesBuildPhase;
			buildActionMask = 2147483647;
			files = (
			);
			runOnlyForDeploymentPostprocessing = 0;
		};
		8E1C863E20C6EA3700124024 /* Resources */ = {
			isa = PBXResourcesBuildPhase;
			buildActionMask = 2147483647;
			files = (
			);
			runOnlyForDeploymentPostprocessing = 0;
		};
/* End PBXResourcesBuildPhase section */

/* Begin PBXSourcesBuildPhase section */
		8E1C861D20C6EA3700124024 /* Sources */ = {
			isa = PBXSourcesBuildPhase;
			buildActionMask = 2147483647;
			files = (
				8E1C862720C6EA3700124024 /* ViewController.swift in Sources */,
				8E1C862520C6EA3700124024 /* AppDelegate.swift in Sources */,
			);
			runOnlyForDeploymentPostprocessing = 0;
		};
		8E1C863120C6EA3700124024 /* Sources */ = {
			isa = PBXSourcesBuildPhase;
			buildActionMask = 2147483647;
			files = (
				8E1C863A20C6EA3700124024 /* swiftrunnerTests.swift in Sources */,
			);
			runOnlyForDeploymentPostprocessing = 0;
		};
		8E1C863C20C6EA3700124024 /* Sources */ = {
			isa = PBXSourcesBuildPhase;
			buildActionMask = 2147483647;
			files = (
				8E1C864520C6EA3700124024 /* swiftrunnerUITests.swift in Sources */,
			);
			runOnlyForDeploymentPostprocessing = 0;
		};
/* End PBXSourcesBuildPhase section */

/* Begin PBXTargetDependency section */
		8E1C863720C6EA3700124024 /* PBXTargetDependency */ = {
			isa = PBXTargetDependency;
			target = 8E1C862020C6EA3700124024 /* swiftrunner */;
			targetProxy = 8E1C863620C6EA3700124024 /* PBXContainerItemProxy */;
		};
		8E1C864220C6EA3700124024 /* PBXTargetDependency */ = {
			isa = PBXTargetDependency;
			target = 8E1C862020C6EA3700124024 /* swiftrunner */;
			targetProxy = 8E1C864120C6EA3700124024 /* PBXContainerItemProxy */;
		};
/* End PBXTargetDependency section */

/* Begin PBXVariantGroup section */
		8E1C862820C6EA3700124024 /* Main.storyboard */ = {
			isa = PBXVariantGroup;
			children = (
				8E1C862920C6EA3700124024 /* Base */,
			);
			name = Main.storyboard;
			sourceTree = "<group>";
		};
		8E1C862D20C6EA3700124024 /* LaunchScreen.storyboard */ = {
			isa = PBXVariantGroup;
			children = (
				8E1C862E20C6EA3700124024 /* Base */,
			);
			name = LaunchScreen.storyboard;
			sourceTree = "<group>";
		};
/* End PBXVariantGroup section */

/* Begin XCBuildConfiguration section */
		8E1C864720C6EA3700124024 /* Debug */ = {
			isa = XCBuildConfiguration;
			buildSettings = {
				ALWAYS_SEARCH_USER_PATHS = NO;
				CLANG_ANALYZER_NONNULL = YES;
				CLANG_ANALYZER_NUMBER_OBJECT_CONVERSION = YES_AGGRESSIVE;
				CLANG_CXX_LANGUAGE_STANDARD = "gnu++14";
				CLANG_CXX_LIBRARY = "libc++";
				CLANG_ENABLE_MODULES = YES;
				CLANG_ENABLE_OBJC_ARC = YES;
				CLANG_WARN_BLOCK_CAPTURE_AUTORELEASING = YES;
				CLANG_WARN_BOOL_CONVERSION = YES;
				CLANG_WARN_COMMA = YES;
				CLANG_WARN_CONSTANT_CONVERSION = YES;
				CLANG_WARN_DIRECT_OBJC_ISA_USAGE = YES_ERROR;
				CLANG_WARN_DOCUMENTATION_COMMENTS = YES;
				CLANG_WARN_EMPTY_BODY = YES;
				CLANG_WARN_ENUM_CONVERSION = YES;
				CLANG_WARN_INFINITE_RECURSION = YES;
				CLANG_WARN_INT_CONVERSION = YES;
				CLANG_WARN_NON_LITERAL_NULL_CONVERSION = YES;
				CLANG_WARN_OBJC_LITERAL_CONVERSION = YES;
				CLANG_WARN_OBJC_ROOT_CLASS = YES_ERROR;
				CLANG_WARN_RANGE_LOOP_ANALYSIS = YES;
				CLANG_WARN_STRICT_PROTOTYPES = YES;
				CLANG_WARN_SUSPICIOUS_MOVE = YES;
				CLANG_WARN_UNGUARDED_AVAILABILITY = YES_AGGRESSIVE;
				CLANG_WARN_UNREACHABLE_CODE = YES;
				CLANG_WARN__DUPLICATE_METHOD_MATCH = YES;
				CODE_SIGN_IDENTITY = "iPhone Developer";
				COPY_PHASE_STRIP = NO;
				DEBUG_INFORMATION_FORMAT = dwarf;
				ENABLE_STRICT_OBJC_MSGSEND = YES;
				ENABLE_TESTABILITY = YES;
				GCC_C_LANGUAGE_STANDARD = gnu11;
				GCC_DYNAMIC_NO_PIC = NO;
				GCC_NO_COMMON_BLOCKS = YES;
				GCC_OPTIMIZATION_LEVEL = 0;
				GCC_PREPROCESSOR_DEFINITIONS = (
					"DEBUG=1",
					"$(inherited)",
				);
				GCC_WARN_64_TO_32_BIT_CONVERSION = YES;
				GCC_WARN_ABOUT_RETURN_TYPE = YES_ERROR;
				GCC_WARN_UNDECLARED_SELECTOR = YES;
				GCC_WARN_UNINITIALIZED_AUTOS = YES_AGGRESSIVE;
				GCC_WARN_UNUSED_FUNCTION = YES;
				GCC_WARN_UNUSED_VARIABLE = YES;
				IPHONEOS_DEPLOYMENT_TARGET = 11.2;
				MTL_ENABLE_DEBUG_INFO = YES;
				ONLY_ACTIVE_ARCH = YES;
				SDKROOT = iphoneos;
				SWIFT_ACTIVE_COMPILATION_CONDITIONS = DEBUG;
				SWIFT_OPTIMIZATION_LEVEL = "-Onone";
			};
			name = Debug;
		};
		8E1C864820C6EA3700124024 /* Release */ = {
			isa = XCBuildConfiguration;
			buildSettings = {
				ALWAYS_SEARCH_USER_PATHS = NO;
				CLANG_ANALYZER_NONNULL = YES;
				CLANG_ANALYZER_NUMBER_OBJECT_CONVERSION = YES_AGGRESSIVE;
				CLANG_CXX_LANGUAGE_STANDARD = "gnu++14";
				CLANG_CXX_LIBRARY = "libc++";
				CLANG_ENABLE_MODULES = YES;
				CLANG_ENABLE_OBJC_ARC = YES;
				CLANG_WARN_BLOCK_CAPTURE_AUTORELEASING = YES;
				CLANG_WARN_BOOL_CONVERSION = YES;
				CLANG_WARN_COMMA = YES;
				CLANG_WARN_CONSTANT_CONVERSION = YES;
				CLANG_WARN_DIRECT_OBJC_ISA_USAGE = YES_ERROR;
				CLANG_WARN_DOCUMENTATION_COMMENTS = YES;
				CLANG_WARN_EMPTY_BODY = YES;
				CLANG_WARN_ENUM_CONVERSION = YES;
				CLANG_WARN_INFINITE_RECURSION = YES;
				CLANG_WARN_INT_CONVERSION = YES;
				CLANG_WARN_NON_LITERAL_NULL_CONVERSION = YES;
				CLANG_WARN_OBJC_LITERAL_CONVERSION = YES;
				CLANG_WARN_OBJC_ROOT_CLASS = YES_ERROR;
				CLANG_WARN_RANGE_LOOP_ANALYSIS = YES;
				CLANG_WARN_STRICT_PROTOTYPES = YES;
				CLANG_WARN_SUSPICIOUS_MOVE = YES;
				CLANG_WARN_UNGUARDED_AVAILABILITY = YES_AGGRESSIVE;
				CLANG_WARN_UNREACHABLE_CODE = YES;
				CLANG_WARN__DUPLICATE_METHOD_MATCH = YES;
				CODE_SIGN_IDENTITY = "iPhone Developer";
				COPY_PHASE_STRIP = NO;
				DEBUG_INFORMATION_FORMAT = "dwarf-with-dsym";
				ENABLE_NS_ASSERTIONS = NO;
				ENABLE_STRICT_OBJC_MSGSEND = YES;
				GCC_C_LANGUAGE_STANDARD = gnu11;
				GCC_NO_COMMON_BLOCKS = YES;
				GCC_WARN_64_TO_32_BIT_CONVERSION = YES;
				GCC_WARN_ABOUT_RETURN_TYPE = YES_ERROR;
				GCC_WARN_UNDECLARED_SELECTOR = YES;
				GCC_WARN_UNINITIALIZED_AUTOS = YES_AGGRESSIVE;
				GCC_WARN_UNUSED_FUNCTION = YES;
				GCC_WARN_UNUSED_VARIABLE = YES;
				IPHONEOS_DEPLOYMENT_TARGET = 11.2;
				MTL_ENABLE_DEBUG_INFO = NO;
				SDKROOT = iphoneos;
				SWIFT_OPTIMIZATION_LEVEL = "-Owholemodule";
				VALIDATE_PRODUCT = YES;
			};
			name = Release;
		};
		8E1C864A20C6EA3700124024 /* Debug */ = {
			isa = XCBuildConfiguration;
			buildSettings = {
				ASSETCATALOG_COMPILER_APPICON_NAME = AppIcon;
				CODE_SIGN_STYLE = Automatic;
				INFOPLIST_FILE = swiftrunner/Info.plist;
				LD_RUNPATH_SEARCH_PATHS = "$(inherited) @executable_path/Frameworks";
				PRODUCT_BUNDLE_IDENTIFIER = com.taniguchi.swiftrunner;
				PRODUCT_NAME = "$(TARGET_NAME)";
				SWIFT_VERSION = 4.0;
				TARGETED_DEVICE_FAMILY = "1,2";
			};
			name = Debug;
		};
		8E1C864B20C6EA3700124024 /* Release */ = {
			isa = XCBuildConfiguration;
			buildSettings = {
				ASSETCATALOG_COMPILER_APPICON_NAME = AppIcon;
				CODE_SIGN_STYLE = Automatic;
				INFOPLIST_FILE = swiftrunner/Info.plist;
				LD_RUNPATH_SEARCH_PATHS = "$(inherited) @executable_path/Frameworks";
				PRODUCT_BUNDLE_IDENTIFIER = com.taniguchi.swiftrunner;
				PRODUCT_NAME = "$(TARGET_NAME)";
				SWIFT_VERSION = 4.0;
				TARGETED_DEVICE_FAMILY = "1,2";
			};
			name = Release;
		};
		8E1C864D20C6EA3700124024 /* Debug */ = {
			isa = XCBuildConfiguration;
			buildSettings = {
				ALWAYS_EMBED_SWIFT_STANDARD_LIBRARIES = YES;
				BUNDLE_LOADER = "$(TEST_HOST)";
				CODE_SIGN_STYLE = Automatic;
				INFOPLIST_FILE = swiftrunnerTests/Info.plist;
				LD_RUNPATH_SEARCH_PATHS = "$(inherited) @executable_path/Frameworks @loader_path/Frameworks";
				PRODUCT_BUNDLE_IDENTIFIER = com.taniguchi.swiftrunnerTests;
				PRODUCT_NAME = "$(TARGET_NAME)";
				SWIFT_VERSION = 4.0;
				TARGETED_DEVICE_FAMILY = "1,2";
				TEST_HOST = "$(BUILT_PRODUCTS_DIR)/swiftrunner.app/swiftrunner";
			};
			name = Debug;
		};
		8E1C864E20C6EA3700124024 /* Release */ = {
			isa = XCBuildConfiguration;
			buildSettings = {
				ALWAYS_EMBED_SWIFT_STANDARD_LIBRARIES = YES;
				BUNDLE_LOADER = "$(TEST_HOST)";
				CODE_SIGN_STYLE = Automatic;
				INFOPLIST_FILE = swiftrunnerTests/Info.plist;
				LD_RUNPATH_SEARCH_PATHS = "$(inherited) @executable_path/Frameworks @loader_path/Frameworks";
				PRODUCT_BUNDLE_IDENTIFIER = com.taniguchi.swiftrunnerTests;
				PRODUCT_NAME = "$(TARGET_NAME)";
				SWIFT_VERSION = 4.0;
				TARGETED_DEVICE_FAMILY = "1,2";
				TEST_HOST = "$(BUILT_PRODUCTS_DIR)/swiftrunner.app/swiftrunner";
			};
			name = Release;
		};
		8E1C865020C6EA3700124024 /* Debug */ = {
			isa = XCBuildConfiguration;
			buildSettings = {
				ALWAYS_EMBED_SWIFT_STANDARD_LIBRARIES = YES;
				CODE_SIGN_STYLE = Automatic;
				INFOPLIST_FILE = swiftrunnerUITests/Info.plist;
				LD_RUNPATH_SEARCH_PATHS = "$(inherited) @executable_path/Frameworks @loader_path/Frameworks";
				PRODUCT_BUNDLE_IDENTIFIER = com.taniguchi.swiftrunnerUITests;
				PRODUCT_NAME = "$(TARGET_NAME)";
				SWIFT_VERSION = 4.0;
				TARGETED_DEVICE_FAMILY = "1,2";
				TEST_TARGET_NAME = swiftrunner;
			};
			name = Debug;
		};
		8E1C865120C6EA3700124024 /* Release */ = {
			isa = XCBuildConfiguration;
			buildSettings = {
				ALWAYS_EMBED_SWIFT_STANDARD_LIBRARIES = YES;
				CODE_SIGN_STYLE = Automatic;
				INFOPLIST_FILE = swiftrunnerUITests/Info.plist;
				LD_RUNPATH_SEARCH_PATHS = "$(inherited) @executable_path/Frameworks @loader_path/Frameworks";
				PRODUCT_BUNDLE_IDENTIFIER = com.taniguchi.swiftrunnerUITests;
				PRODUCT_NAME = "$(TARGET_NAME)";
				SWIFT_VERSION = 4.0;
				TARGETED_DEVICE_FAMILY = "1,2";
				TEST_TARGET_NAME = swiftrunner;
			};
			name = Release;
		};
/* End XCBuildConfiguration section */

/* Begin XCConfigurationList section */
		8E1C861C20C6EA3700124024 /* Build configuration list for PBXProject "swiftrunner" */ = {
			isa = XCConfigurationList;
			buildConfigurations = (
				8E1C864720C6EA3700124024 /* Debug */,
				8E1C864820C6EA3700124024 /* Release */,
			);
			defaultConfigurationIsVisible = 0;
			defaultConfigurationName = Release;
		};
		8E1C864920C6EA3700124024 /* Build configuration list for PBXNativeTarget "swiftrunner" */ = {
			isa = XCConfigurationList;
			buildConfigurations = (
				8E1C864A20C6EA3700124024 /* Debug */,
				8E1C864B20C6EA3700124024 /* Release */,
			);
			defaultConfigurationIsVisible = 0;
			defaultConfigurationName = Release;
		};
		8E1C864C20C6EA3700124024 /* Build configuration list for PBXNativeTarget "swiftrunnerTests" */ = {
			isa = XCConfigurationList;
			buildConfigurations = (
				8E1C864D20C6EA3700124024 /* Debug */,
				8E1C864E20C6EA3700124024 /* Release */,
			);
			defaultConfigurationIsVisible = 0;
			defaultConfigurationName = Release;
		};
		8E1C864F20C6EA3700124024 /* Build configuration list for PBXNativeTarget "swiftrunnerUITests" */ = {
			isa = XCConfigurationList;
			buildConfigurations = (
				8E1C865020C6EA3700124024 /* Debug */,
				8E1C865120C6EA3700124024 /* Release */,
			);
			defaultConfigurationIsVisible = 0;
			defaultConfigurationName = Release;
		};
/* End XCConfigurationList section */
	};
	rootObject = 8E1C861920C6EA3700124024 /* Project object */;
}
